
Microsoft Visual Studio Solution File, Format Version 12.00
Project("{FAE04EC0-301F-11D3-BF4B-00C04F79EFBC}") = "APBD-05-Schronisko", "APBD-05-Schronisko\APBD-05-Schronisko.csproj", "{45E356A1-77D4-4A58-8678-C4B5F54C1239}"
EndProject
Global
	GlobalSection(SolutionConfigurationPlatforms) = preSolution
		Debug|Any CPU = Debug|Any CPU
		Release|Any CPU = Release|Any CPU
	EndGlobalSection
	GlobalSection(ProjectConfigurationPlatforms) = postSolution
		{45E356A1-77D4-4A58-8678-C4B5F54C1239}.Debug|Any CPU.ActiveCfg = Debug|Any CPU
		{45E356A1-77D4-4A58-8678-C4B5F54C1239}.Debug|Any CPU.Build.0 = Debug|Any CPU
		{45E356A1-77D4-4A58-8678-C4B5F54C1239}.Release|Any CPU.ActiveCfg = Release|Any CPU
		{45E356A1-77D4-4A58-8678-C4B5F54C1239}.Release|Any CPU.Build.0 = Release|Any CPU
	EndGlobalSection
EndGlobal
